
Microsoft Visual Studio Solution File, Format Version 12.00
# Visual Studio Version 16
VisualStudioVersion = 16.0.31321.278
MinimumVisualStudioVersion = 10.0.40219.1
Project("{FAE04EC0-301F-11D3-BF4B-00C04F79EFBC}") = "MultiScreens", "MultiScreens.csproj", "{984227DB-407D-498F-B129-E6644503D2D6}"
EndProject
Global
	GlobalSection(SolutionConfigurationPlatforms) = preSolution
		Debug|Any CPU = Debug|Any CPU
		Release|Any CPU = Release|Any CPU
	EndGlobalSection
	GlobalSection(ProjectConfigurationPlatforms) = postSolution
		{984227DB-407D-498F-B129-E6644503D2D6}.Debug|Any CPU.ActiveCfg = Debug|Any CPU
		{984227DB-407D-498F-B129-E6644503D2D6}.Debug|Any CPU.Build.0 = Debug|Any CPU
		{984227DB-407D-498F-B129-E6644503D2D6}.Release|Any CPU.ActiveCfg = Release|Any CPU
		{984227DB-407D-498F-B129-E6644503D2D6}.Release|Any CPU.Build.0 = Release|Any CPU
	EndGlobalSection
	GlobalSection(SolutionProperties) = preSolution
		HideSolutionNode = FALSE
	EndGlobalSection
	GlobalSection(ExtensibilityGlobals) = postSolution
		SolutionGuid = {6C6138FE-23F8-4A48-A7D5-A62E3F003F1D}
	EndGlobalSection
EndGlobal
